
Microsoft Visual Studio Solution File, Format Version 12.00
# Visual Studio Version 17
VisualStudioVersion = 17.9.34714.143
MinimumVisualStudioVersion = 10.0.40219.1
Project("{FAE04EC0-301F-11D3-BF4B-00C04F79EFBC}") = "WorkersManagment.Api", "WorkersManagment.Api\WorkersManagment.Api.csproj", "{E58B852D-6D21-4E1F-8C39-8B3534E1A700}"
EndProject
Project("{FAE04EC0-301F-11D3-BF4B-00C04F79EFBC}") = "WorkersManagment.Data", "OrkersManagment.Data\WorkersManagment.Data.csproj", "{3157BD5D-745A-4F0F-8FD7-776470C055E8}"
EndProject
Project("{FAE04EC0-301F-11D3-BF4B-00C04F79EFBC}") = "WorkersManagment.Core", "WorkersManagment.Core\WorkersManagment.Core.csproj", "{716F4009-4A72-4891-A7A2-6E838554F7E0}"
EndProject
Project("{FAE04EC0-301F-11D3-BF4B-00C04F79EFBC}") = "WorkersManagment.Service", "WorkersManagment.Service\WorkersManagment.Service.csproj", "{48835561-8B7C-483E-93AD-7B6F722A3F74}"
EndProject
Global
	GlobalSection(SolutionConfigurationPlatforms) = preSolution
		Debug|Any CPU = Debug|Any CPU
		Release|Any CPU = Release|Any CPU
	EndGlobalSection
	GlobalSection(ProjectConfigurationPlatforms) = postSolution
		{E58B852D-6D21-4E1F-8C39-8B3534E1A700}.Debug|Any CPU.ActiveCfg = Debug|Any CPU
		{E58B852D-6D21-4E1F-8C39-8B3534E1A700}.Debug|Any CPU.Build.0 = Debug|Any CPU
		{E58B852D-6D21-4E1F-8C39-8B3534E1A700}.Release|Any CPU.ActiveCfg = Release|Any CPU
		{E58B852D-6D21-4E1F-8C39-8B3534E1A700}.Release|Any CPU.Build.0 = Release|Any CPU
		{3157BD5D-745A-4F0F-8FD7-776470C055E8}.Debug|Any CPU.ActiveCfg = Debug|Any CPU
		{3157BD5D-745A-4F0F-8FD7-776470C055E8}.Debug|Any CPU.Build.0 = Debug|Any CPU
		{3157BD5D-745A-4F0F-8FD7-776470C055E8}.Release|Any CPU.ActiveCfg = Release|Any CPU
		{3157BD5D-745A-4F0F-8FD7-776470C055E8}.Release|Any CPU.Build.0 = Release|Any CPU
		{716F4009-4A72-4891-A7A2-6E838554F7E0}.Debug|Any CPU.ActiveCfg = Debug|Any CPU
		{716F4009-4A72-4891-A7A2-6E838554F7E0}.Debug|Any CPU.Build.0 = Debug|Any CPU
		{716F4009-4A72-4891-A7A2-6E838554F7E0}.Release|Any CPU.ActiveCfg = Release|Any CPU
		{716F4009-4A72-4891-A7A2-6E838554F7E0}.Release|Any CPU.Build.0 = Release|Any CPU
		{48835561-8B7C-483E-93AD-7B6F722A3F74}.Debug|Any CPU.ActiveCfg = Debug|Any CPU
		{48835561-8B7C-483E-93AD-7B6F722A3F74}.Debug|Any CPU.Build.0 = Debug|Any CPU
		{48835561-8B7C-483E-93AD-7B6F722A3F74}.Release|Any CPU.ActiveCfg = Release|Any CPU
		{48835561-8B7C-483E-93AD-7B6F722A3F74}.Release|Any CPU.Build.0 = Release|Any CPU
	EndGlobalSection
	GlobalSection(SolutionProperties) = preSolution
		HideSolutionNode = FALSE
	EndGlobalSection
	GlobalSection(ExtensibilityGlobals) = postSolution
		SolutionGuid = {3AE2247C-BBCD-470D-A8CB-48BFBD2075F9}
	EndGlobalSection
EndGlobal
